
Microsoft Visual Studio Solution File, Format Version 12.00
# Visual Studio 15
VisualStudioVersion = 15.0.26430.14
MinimumVisualStudioVersion = 10.0.40219.1
Project("{FAE04EC0-301F-11D3-BF4B-00C04F79EFBC}") = "SummitSchool", "SummitSchool\SummitSchool.csproj", "{45E632B6-5A03-436A-8D20-024FCDE4809E}"
EndProject
Project("{FAE04EC0-301F-11D3-BF4B-00C04F79EFBC}") = "SummitSchool.Tests", "SummitSchool.Tests\SummitSchool.Tests.csproj", "{E6A76F7E-177B-4DCB-9461-9CC22872F7B4}"
EndProject
Global
	GlobalSection(SolutionConfigurationPlatforms) = preSolution
		Debug|Any CPU = Debug|Any CPU
		Release|Any CPU = Release|Any CPU
	EndGlobalSection
	GlobalSection(ProjectConfigurationPlatforms) = postSolution
		{45E632B6-5A03-436A-8D20-024FCDE4809E}.Debug|Any CPU.ActiveCfg = Debug|Any CPU
		{45E632B6-5A03-436A-8D20-024FCDE4809E}.Debug|Any CPU.Build.0 = Debug|Any CPU
		{45E632B6-5A03-436A-8D20-024FCDE4809E}.Release|Any CPU.ActiveCfg = Release|Any CPU
		{45E632B6-5A03-436A-8D20-024FCDE4809E}.Release|Any CPU.Build.0 = Release|Any CPU
		{E6A76F7E-177B-4DCB-9461-9CC22872F7B4}.Debug|Any CPU.ActiveCfg = Debug|Any CPU
		{E6A76F7E-177B-4DCB-9461-9CC22872F7B4}.Debug|Any CPU.Build.0 = Debug|Any CPU
		{E6A76F7E-177B-4DCB-9461-9CC22872F7B4}.Release|Any CPU.ActiveCfg = Release|Any CPU
		{E6A76F7E-177B-4DCB-9461-9CC22872F7B4}.Release|Any CPU.Build.0 = Release|Any CPU
	EndGlobalSection
	GlobalSection(SolutionProperties) = preSolution
		HideSolutionNode = FALSE
	EndGlobalSection
EndGlobal
